github.com/Alena557miles/webservergo v0.0.0-20221205075602-bee05d5cb5e5 h1:NBtxIW5kx89DLws3GnjoiFRC46hUUOLrPsrzjpDDDB0=
github.com/Alena557miles/webservergo v0.0.0-20221205075602-bee05d5cb5e5/go.mod h1:lL2/9JRBS5nB9CsO5mmLlz6l/gl4ixtDRa67cQ3rLfw=
github.com/gorilla/mux v1.8.0 h1:i40aqfkR1h2SlN9hojwV5ZA91wcXFOvkdNIeFDP5koI=
github.com/gorilla/mux v1.8.0/go.mod h1:DVbg23sWSpFRCP0SfiEN6jmj59UnW/n46BH5rLB71So=
